
Microsoft Visual Studio Solution File, Format Version 12.00
# Visual Studio 15
VisualStudioVersion = 15.0.27703.2000
MinimumVisualStudioVersion = 10.0.40219.1
Project("{FAE04EC0-301F-11D3-BF4B-00C04F79EFBC}") = "OSM_Topography", "OSM_Topography\OSM_Topography.csproj", "{83A0A385-C427-41C0-A1BB-E5FDD5DA7A3C}"
EndProject
Global
	GlobalSection(SolutionConfigurationPlatforms) = preSolution
		Debug|Any CPU = Debug|Any CPU
		Release|Any CPU = Release|Any CPU
	EndGlobalSection
	GlobalSection(ProjectConfigurationPlatforms) = postSolution
		{83A0A385-C427-41C0-A1BB-E5FDD5DA7A3C}.Debug|Any CPU.ActiveCfg = Debug|Any CPU
		{83A0A385-C427-41C0-A1BB-E5FDD5DA7A3C}.Debug|Any CPU.Build.0 = Debug|Any CPU
		{83A0A385-C427-41C0-A1BB-E5FDD5DA7A3C}.Release|Any CPU.ActiveCfg = Release|Any CPU
		{83A0A385-C427-41C0-A1BB-E5FDD5DA7A3C}.Release|Any CPU.Build.0 = Release|Any CPU
	EndGlobalSection
	GlobalSection(SolutionProperties) = preSolution
		HideSolutionNode = FALSE
	EndGlobalSection
	GlobalSection(ExtensibilityGlobals) = postSolution
		SolutionGuid = {02907CEF-3EF5-4F6C-A903-8695595CFA83}
	EndGlobalSection
EndGlobal
